
Microsoft Visual Studio Solution File, Format Version 12.00
# Visual Studio 14
VisualStudioVersion = 14.0.25420.1
MinimumVisualStudioVersion = 10.0.40219.1
Project("{FAE04EC0-301F-11D3-BF4B-00C04F79EFBC}") = "01.SoftuniCoffeeOrders", "01.SoftuniCoffeeOrders\01.SoftuniCoffeeOrders.csproj", "{1D6D1D0B-FA20-420B-8010-8DCB8ED26639}"
EndProject
Project("{FAE04EC0-301F-11D3-BF4B-00C04F79EFBC}") = "02.CommandInterpreter", "02.CommandInterpreter\02.CommandInterpreter.csproj", "{CD3170EA-EA67-4D0A-9991-05B2CEC2A336}"
EndProject
Project("{FAE04EC0-301F-11D3-BF4B-00C04F79EFBC}") = "03.RageQuit", "03.RageQuit\03.RageQuit.csproj", "{578C2E65-6E0F-4747-94DF-3E4F866D4E79}"
EndProject
Project("{FAE04EC0-301F-11D3-BF4B-00C04F79EFBC}") = "04.Files", "04.Files\04.Files.csproj", "{0877C559-9126-4D8F-BBA0-C535349DBEA8}"
EndProject
Global
	GlobalSection(SolutionConfigurationPlatforms) = preSolution
		Debug|Any CPU = Debug|Any CPU
		Release|Any CPU = Release|Any CPU
	EndGlobalSection
	GlobalSection(ProjectConfigurationPlatforms) = postSolution
		{1D6D1D0B-FA20-420B-8010-8DCB8ED26639}.Debug|Any CPU.ActiveCfg = Debug|Any CPU
		{1D6D1D0B-FA20-420B-8010-8DCB8ED26639}.Debug|Any CPU.Build.0 = Debug|Any CPU
		{1D6D1D0B-FA20-420B-8010-8DCB8ED26639}.Release|Any CPU.ActiveCfg = Release|Any CPU
		{1D6D1D0B-FA20-420B-8010-8DCB8ED26639}.Release|Any CPU.Build.0 = Release|Any CPU
		{CD3170EA-EA67-4D0A-9991-05B2CEC2A336}.Debug|Any CPU.ActiveCfg = Debug|Any CPU
		{CD3170EA-EA67-4D0A-9991-05B2CEC2A336}.Debug|Any CPU.Build.0 = Debug|Any CPU
		{CD3170EA-EA67-4D0A-9991-05B2CEC2A336}.Release|Any CPU.ActiveCfg = Release|Any CPU
		{CD3170EA-EA67-4D0A-9991-05B2CEC2A336}.Release|Any CPU.Build.0 = Release|Any CPU
		{578C2E65-6E0F-4747-94DF-3E4F866D4E79}.Debug|Any CPU.ActiveCfg = Debug|Any CPU
		{578C2E65-6E0F-4747-94DF-3E4F866D4E79}.Debug|Any CPU.Build.0 = Debug|Any CPU
		{578C2E65-6E0F-4747-94DF-3E4F866D4E79}.Release|Any CPU.ActiveCfg = Release|Any CPU
		{578C2E65-6E0F-4747-94DF-3E4F866D4E79}.Release|Any CPU.Build.0 = Release|Any CPU
		{0877C559-9126-4D8F-BBA0-C535349DBEA8}.Debug|Any CPU.ActiveCfg = Debug|Any CPU
		{0877C559-9126-4D8F-BBA0-C535349DBEA8}.Debug|Any CPU.Build.0 = Debug|Any CPU
		{0877C559-9126-4D8F-BBA0-C535349DBEA8}.Release|Any CPU.ActiveCfg = Release|Any CPU
		{0877C559-9126-4D8F-BBA0-C535349DBEA8}.Release|Any CPU.Build.0 = Release|Any CPU
	EndGlobalSection
	GlobalSection(SolutionProperties) = preSolution
		HideSolutionNode = FALSE
	EndGlobalSection
EndGlobal
