
Microsoft Visual Studio Solution File, Format Version 12.00
# Visual Studio 14
VisualStudioVersion = 14.0.25420.1
MinimumVisualStudioVersion = 10.0.40219.1
Project("{FAE04EC0-301F-11D3-BF4B-00C04F79EFBC}") = "01.DayOfWeek", "01.DayOfWeek\01.DayOfWeek.csproj", "{30E03081-8434-41AA-84B4-C252706389C7}"
EndProject
Project("{FAE04EC0-301F-11D3-BF4B-00C04F79EFBC}") = "02.ReverseAnArrayOfIntegers", "02.ReverseAnArrayOfIntegers\02.ReverseAnArrayOfIntegers.csproj", "{E5DF3E95-043A-4527-80FA-6B7A5FB79BA5}"
EndProject
Project("{FAE04EC0-301F-11D3-BF4B-00C04F79EFBC}") = "03.LastKNumbersSumsSequence", "03.LastKNumbersSumsSequence\03.LastKNumbersSumsSequence.csproj", "{8115DB2C-D2EB-4401-A040-B816EFE8A514}"
EndProject
Project("{FAE04EC0-301F-11D3-BF4B-00C04F79EFBC}") = "04.TripleSum", "04.TripleSum\04.TripleSum.csproj", "{F82236C1-5466-49F7-A162-E30F8961704B}"
EndProject
Project("{FAE04EC0-301F-11D3-BF4B-00C04F79EFBC}") = "05.RoundingNumbersAwayFromZero", "05.RoundingNumbersAwayFromZero\05.RoundingNumbersAwayFromZero.csproj", "{206374BC-E1BE-4F68-AE51-DC0334C86511}"
EndProject
Project("{FAE04EC0-301F-11D3-BF4B-00C04F79EFBC}") = "06.ReverseArrayOfStrings", "06.ReverseArrayOfStrings\06.ReverseArrayOfStrings.csproj", "{9C094EFD-98F1-451C-BBC8-C847A9D73209}"
EndProject
Project("{FAE04EC0-301F-11D3-BF4B-00C04F79EFBC}") = "07.SumArrays", "07.SumArrays\07.SumArrays.csproj", "{68FF93C8-2631-41C2-9FE6-B8E1CF13ACF5}"
EndProject
Project("{FAE04EC0-301F-11D3-BF4B-00C04F79EFBC}") = "08.CondenseArrayToNumber", "08.CondenseArrayToNumber\08.CondenseArrayToNumber.csproj", "{518F9B4F-A2D9-4B97-A344-8B56EF9F264A}"
EndProject
Project("{FAE04EC0-301F-11D3-BF4B-00C04F79EFBC}") = "09.ExtractMiddleElements", "09.ExtractMiddleElements\09.ExtractMiddleElements.csproj", "{D9272BDE-608A-4B74-BE90-6F3EE73F4888}"
EndProject
Global
	GlobalSection(SolutionConfigurationPlatforms) = preSolution
		Debug|Any CPU = Debug|Any CPU
		Release|Any CPU = Release|Any CPU
	EndGlobalSection
	GlobalSection(ProjectConfigurationPlatforms) = postSolution
		{30E03081-8434-41AA-84B4-C252706389C7}.Debug|Any CPU.ActiveCfg = Debug|Any CPU
		{30E03081-8434-41AA-84B4-C252706389C7}.Debug|Any CPU.Build.0 = Debug|Any CPU
		{30E03081-8434-41AA-84B4-C252706389C7}.Release|Any CPU.ActiveCfg = Release|Any CPU
		{30E03081-8434-41AA-84B4-C252706389C7}.Release|Any CPU.Build.0 = Release|Any CPU
		{E5DF3E95-043A-4527-80FA-6B7A5FB79BA5}.Debug|Any CPU.ActiveCfg = Debug|Any CPU
		{E5DF3E95-043A-4527-80FA-6B7A5FB79BA5}.Debug|Any CPU.Build.0 = Debug|Any CPU
		{E5DF3E95-043A-4527-80FA-6B7A5FB79BA5}.Release|Any CPU.ActiveCfg = Release|Any CPU
		{E5DF3E95-043A-4527-80FA-6B7A5FB79BA5}.Release|Any CPU.Build.0 = Release|Any CPU
		{8115DB2C-D2EB-4401-A040-B816EFE8A514}.Debug|Any CPU.ActiveCfg = Debug|Any CPU
		{8115DB2C-D2EB-4401-A040-B816EFE8A514}.Debug|Any CPU.Build.0 = Debug|Any CPU
		{8115DB2C-D2EB-4401-A040-B816EFE8A514}.Release|Any CPU.ActiveCfg = Release|Any CPU
		{8115DB2C-D2EB-4401-A040-B816EFE8A514}.Release|Any CPU.Build.0 = Release|Any CPU
		{F82236C1-5466-49F7-A162-E30F8961704B}.Debug|Any CPU.ActiveCfg = Debug|Any CPU
		{F82236C1-5466-49F7-A162-E30F8961704B}.Debug|Any CPU.Build.0 = Debug|Any CPU
		{F82236C1-5466-49F7-A162-E30F8961704B}.Release|Any CPU.ActiveCfg = Release|Any CPU
		{F82236C1-5466-49F7-A162-E30F8961704B}.Release|Any CPU.Build.0 = Release|Any CPU
		{206374BC-E1BE-4F68-AE51-DC0334C86511}.Debug|Any CPU.ActiveCfg = Debug|Any CPU
		{206374BC-E1BE-4F68-AE51-DC0334C86511}.Debug|Any CPU.Build.0 = Debug|Any CPU
		{206374BC-E1BE-4F68-AE51-DC0334C86511}.Release|Any CPU.ActiveCfg = Release|Any CPU
		{206374BC-E1BE-4F68-AE51-DC0334C86511}.Release|Any CPU.Build.0 = Release|Any CPU
		{9C094EFD-98F1-451C-BBC8-C847A9D73209}.Debug|Any CPU.ActiveCfg = Debug|Any CPU
		{9C094EFD-98F1-451C-BBC8-C847A9D73209}.Debug|Any CPU.Build.0 = Debug|Any CPU
		{9C094EFD-98F1-451C-BBC8-C847A9D73209}.Release|Any CPU.ActiveCfg = Release|Any CPU
		{9C094EFD-98F1-451C-BBC8-C847A9D73209}.Release|Any CPU.Build.0 = Release|Any CPU
		{68FF93C8-2631-41C2-9FE6-B8E1CF13ACF5}.Debug|Any CPU.ActiveCfg = Debug|Any CPU
		{68FF93C8-2631-41C2-9FE6-B8E1CF13ACF5}.Debug|Any CPU.Build.0 = Debug|Any CPU
		{68FF93C8-2631-41C2-9FE6-B8E1CF13ACF5}.Release|Any CPU.ActiveCfg = Release|Any CPU
		{68FF93C8-2631-41C2-9FE6-B8E1CF13ACF5}.Release|Any CPU.Build.0 = Release|Any CPU
		{518F9B4F-A2D9-4B97-A344-8B56EF9F264A}.Debug|Any CPU.ActiveCfg = Debug|Any CPU
		{518F9B4F-A2D9-4B97-A344-8B56EF9F264A}.Debug|Any CPU.Build.0 = Debug|Any CPU
		{518F9B4F-A2D9-4B97-A344-8B56EF9F264A}.Release|Any CPU.ActiveCfg = Release|Any CPU
		{518F9B4F-A2D9-4B97-A344-8B56EF9F264A}.Release|Any CPU.Build.0 = Release|Any CPU
		{D9272BDE-608A-4B74-BE90-6F3EE73F4888}.Debug|Any CPU.ActiveCfg = Debug|Any CPU
		{D9272BDE-608A-4B74-BE90-6F3EE73F4888}.Debug|Any CPU.Build.0 = Debug|Any CPU
		{D9272BDE-608A-4B74-BE90-6F3EE73F4888}.Release|Any CPU.ActiveCfg = Release|Any CPU
		{D9272BDE-608A-4B74-BE90-6F3EE73F4888}.Release|Any CPU.Build.0 = Release|Any CPU
	EndGlobalSection
	GlobalSection(SolutionProperties) = preSolution
		HideSolutionNode = FALSE
	EndGlobalSection
EndGlobal
