
Microsoft Visual Studio Solution File, Format Version 12.00
# Visual Studio 14
VisualStudioVersion = 14.0.25420.1
MinimumVisualStudioVersion = 10.0.40219.1
Project("{FAE04EC0-301F-11D3-BF4B-00C04F79EFBC}") = "01.LoopByStep3", "01.LoopByStep3\01.LoopByStep3.csproj", "{92B584A8-3355-42B3-AE75-60D27551D273}"
EndProject
Project("{FAE04EC0-301F-11D3-BF4B-00C04F79EFBC}") = "02.NumbersNto1", "02.NumbersNto1\02.NumbersNto1.csproj", "{CC4C8318-C5F2-4AE8-B06B-D97116818D53}"
EndProject
Project("{FAE04EC0-301F-11D3-BF4B-00C04F79EFBC}") = "03.PowerOf2", "03.PowerOf2\03.PowerOf2.csproj", "{C51764A2-69C5-4E1E-AFC0-9E562F0A2B92}"
EndProject
Project("{FAE04EC0-301F-11D3-BF4B-00C04F79EFBC}") = "04.EvenPowOf2", "04.EvenPowOf2\04.EvenPowOf2.csproj", "{2914F4C6-BD28-41F0-9529-6C3F9B7DF98F}"
EndProject
Project("{FAE04EC0-301F-11D3-BF4B-00C04F79EFBC}") = "05.Sequence2k+1", "05.Sequence2k+1\05.Sequence2k+1.csproj", "{7844962D-A17D-49F5-9DF3-70C298765171}"
EndProject
Project("{FAE04EC0-301F-11D3-BF4B-00C04F79EFBC}") = "06.NumRange1To100", "06.NumRange1To100\06.NumRange1To100.csproj", "{2D1BCC45-4CFB-4717-A8FB-674153DDE568}"
EndProject
Project("{FAE04EC0-301F-11D3-BF4B-00C04F79EFBC}") = "07.GCD", "07.GCD\07.GCD.csproj", "{FB9DA81E-DFCE-4AA5-990E-EA6E61799BA1}"
EndProject
Project("{FAE04EC0-301F-11D3-BF4B-00C04F79EFBC}") = "08.Factoriel", "08.Factoriel\08.Factoriel.csproj", "{B30C8882-190B-45DB-8BA0-52D407FAC80A}"
EndProject
Project("{FAE04EC0-301F-11D3-BF4B-00C04F79EFBC}") = "09.SumDigits", "09.SumDigits\09.SumDigits.csproj", "{0513235C-A54D-4F7C-8AC7-6194EFE9E03E}"
EndProject
Project("{FAE04EC0-301F-11D3-BF4B-00C04F79EFBC}") = "10.CheckPrime", "10.CheckPrime\10.CheckPrime.csproj", "{50AF7860-0D88-4AE9-A13C-5D05F1EEAE98}"
EndProject
Project("{FAE04EC0-301F-11D3-BF4B-00C04F79EFBC}") = "11.EnterEvenNum", "11.EnterEvenNum\11.EnterEvenNum.csproj", "{3F2AF4BF-5192-4014-A6FE-09314369E1D3}"
EndProject
Project("{FAE04EC0-301F-11D3-BF4B-00C04F79EFBC}") = "12.Fibonacci", "12.Fibonacci\12.Fibonacci.csproj", "{69E8C6A3-0357-48A3-8DC8-5BC4460701A8}"
EndProject
Project("{FAE04EC0-301F-11D3-BF4B-00C04F79EFBC}") = "13.NumPyr", "13.NumPyr\13.NumPyr.csproj", "{36F675BA-5A50-4AD6-B836-3FBFB29143B5}"
EndProject
Project("{FAE04EC0-301F-11D3-BF4B-00C04F79EFBC}") = "14.NumTab", "14.NumTab\14.NumTab.csproj", "{999693B1-1B8D-4B17-A399-318C066B8CA7}"
EndProject
Project("{FAE04EC0-301F-11D3-BF4B-00C04F79EFBC}") = "15.Fruit-Web-Game", "15.Fruit-Web-Game\15.Fruit-Web-Game.csproj", "{E74A1569-243A-495E-9014-1FC425D4F55B}"
EndProject
Project("{FAE04EC0-301F-11D3-BF4B-00C04F79EFBC}") = "001.GenDumbPass", "001.GenDumbPass\001.GenDumbPass.csproj", "{ED5FD861-BBF1-4BFC-A876-68AB29C1AD77}"
EndProject
Project("{FAE04EC0-301F-11D3-BF4B-00C04F79EFBC}") = "002.MagicNums", "002.MagicNums\002.MagicNums.csproj", "{245A6502-5D78-4CC1-ABF1-4E14A6D75953}"
EndProject
Project("{FAE04EC0-301F-11D3-BF4B-00C04F79EFBC}") = "003.SpecialNums", "003.SpecialNums\003.SpecialNums.csproj", "{A1DF85AF-E2EE-4C69-886E-412B77730A25}"
EndProject
Project("{FAE04EC0-301F-11D3-BF4B-00C04F79EFBC}") = "004.StopNumber", "004.StopNumber\004.StopNumber.csproj", "{254F3E66-622B-4757-9626-D006B904177A}"
EndProject
Global
	GlobalSection(SolutionConfigurationPlatforms) = preSolution
		Debug|Any CPU = Debug|Any CPU
		Release|Any CPU = Release|Any CPU
	EndGlobalSection
	GlobalSection(ProjectConfigurationPlatforms) = postSolution
		{92B584A8-3355-42B3-AE75-60D27551D273}.Debug|Any CPU.ActiveCfg = Debug|Any CPU
		{92B584A8-3355-42B3-AE75-60D27551D273}.Debug|Any CPU.Build.0 = Debug|Any CPU
		{92B584A8-3355-42B3-AE75-60D27551D273}.Release|Any CPU.ActiveCfg = Release|Any CPU
		{92B584A8-3355-42B3-AE75-60D27551D273}.Release|Any CPU.Build.0 = Release|Any CPU
		{CC4C8318-C5F2-4AE8-B06B-D97116818D53}.Debug|Any CPU.ActiveCfg = Debug|Any CPU
		{CC4C8318-C5F2-4AE8-B06B-D97116818D53}.Debug|Any CPU.Build.0 = Debug|Any CPU
		{CC4C8318-C5F2-4AE8-B06B-D97116818D53}.Release|Any CPU.ActiveCfg = Release|Any CPU
		{CC4C8318-C5F2-4AE8-B06B-D97116818D53}.Release|Any CPU.Build.0 = Release|Any CPU
		{C51764A2-69C5-4E1E-AFC0-9E562F0A2B92}.Debug|Any CPU.ActiveCfg = Debug|Any CPU
		{C51764A2-69C5-4E1E-AFC0-9E562F0A2B92}.Debug|Any CPU.Build.0 = Debug|Any CPU
		{C51764A2-69C5-4E1E-AFC0-9E562F0A2B92}.Release|Any CPU.ActiveCfg = Release|Any CPU
		{C51764A2-69C5-4E1E-AFC0-9E562F0A2B92}.Release|Any CPU.Build.0 = Release|Any CPU
		{2914F4C6-BD28-41F0-9529-6C3F9B7DF98F}.Debug|Any CPU.ActiveCfg = Debug|Any CPU
		{2914F4C6-BD28-41F0-9529-6C3F9B7DF98F}.Debug|Any CPU.Build.0 = Debug|Any CPU
		{2914F4C6-BD28-41F0-9529-6C3F9B7DF98F}.Release|Any CPU.ActiveCfg = Release|Any CPU
		{2914F4C6-BD28-41F0-9529-6C3F9B7DF98F}.Release|Any CPU.Build.0 = Release|Any CPU
		{7844962D-A17D-49F5-9DF3-70C298765171}.Debug|Any CPU.ActiveCfg = Debug|Any CPU
		{7844962D-A17D-49F5-9DF3-70C298765171}.Debug|Any CPU.Build.0 = Debug|Any CPU
		{7844962D-A17D-49F5-9DF3-70C298765171}.Release|Any CPU.ActiveCfg = Release|Any CPU
		{7844962D-A17D-49F5-9DF3-70C298765171}.Release|Any CPU.Build.0 = Release|Any CPU
		{2D1BCC45-4CFB-4717-A8FB-674153DDE568}.Debug|Any CPU.ActiveCfg = Debug|Any CPU
		{2D1BCC45-4CFB-4717-A8FB-674153DDE568}.Debug|Any CPU.Build.0 = Debug|Any CPU
		{2D1BCC45-4CFB-4717-A8FB-674153DDE568}.Release|Any CPU.ActiveCfg = Release|Any CPU
		{2D1BCC45-4CFB-4717-A8FB-674153DDE568}.Release|Any CPU.Build.0 = Release|Any CPU
		{FB9DA81E-DFCE-4AA5-990E-EA6E61799BA1}.Debug|Any CPU.ActiveCfg = Debug|Any CPU
		{FB9DA81E-DFCE-4AA5-990E-EA6E61799BA1}.Debug|Any CPU.Build.0 = Debug|Any CPU
		{FB9DA81E-DFCE-4AA5-990E-EA6E61799BA1}.Release|Any CPU.ActiveCfg = Release|Any CPU
		{FB9DA81E-DFCE-4AA5-990E-EA6E61799BA1}.Release|Any CPU.Build.0 = Release|Any CPU
		{B30C8882-190B-45DB-8BA0-52D407FAC80A}.Debug|Any CPU.ActiveCfg = Debug|Any CPU
		{B30C8882-190B-45DB-8BA0-52D407FAC80A}.Debug|Any CPU.Build.0 = Debug|Any CPU
		{B30C8882-190B-45DB-8BA0-52D407FAC80A}.Release|Any CPU.ActiveCfg = Release|Any CPU
		{B30C8882-190B-45DB-8BA0-52D407FAC80A}.Release|Any CPU.Build.0 = Release|Any CPU
		{0513235C-A54D-4F7C-8AC7-6194EFE9E03E}.Debug|Any CPU.ActiveCfg = Debug|Any CPU
		{0513235C-A54D-4F7C-8AC7-6194EFE9E03E}.Debug|Any CPU.Build.0 = Debug|Any CPU
		{0513235C-A54D-4F7C-8AC7-6194EFE9E03E}.Release|Any CPU.ActiveCfg = Release|Any CPU
		{0513235C-A54D-4F7C-8AC7-6194EFE9E03E}.Release|Any CPU.Build.0 = Release|Any CPU
		{50AF7860-0D88-4AE9-A13C-5D05F1EEAE98}.Debug|Any CPU.ActiveCfg = Debug|Any CPU
		{50AF7860-0D88-4AE9-A13C-5D05F1EEAE98}.Debug|Any CPU.Build.0 = Debug|Any CPU
		{50AF7860-0D88-4AE9-A13C-5D05F1EEAE98}.Release|Any CPU.ActiveCfg = Release|Any CPU
		{50AF7860-0D88-4AE9-A13C-5D05F1EEAE98}.Release|Any CPU.Build.0 = Release|Any CPU
		{3F2AF4BF-5192-4014-A6FE-09314369E1D3}.Debug|Any CPU.ActiveCfg = Debug|Any CPU
		{3F2AF4BF-5192-4014-A6FE-09314369E1D3}.Debug|Any CPU.Build.0 = Debug|Any CPU
		{3F2AF4BF-5192-4014-A6FE-09314369E1D3}.Release|Any CPU.ActiveCfg = Release|Any CPU
		{3F2AF4BF-5192-4014-A6FE-09314369E1D3}.Release|Any CPU.Build.0 = Release|Any CPU
		{69E8C6A3-0357-48A3-8DC8-5BC4460701A8}.Debug|Any CPU.ActiveCfg = Debug|Any CPU
		{69E8C6A3-0357-48A3-8DC8-5BC4460701A8}.Debug|Any CPU.Build.0 = Debug|Any CPU
		{69E8C6A3-0357-48A3-8DC8-5BC4460701A8}.Release|Any CPU.ActiveCfg = Release|Any CPU
		{69E8C6A3-0357-48A3-8DC8-5BC4460701A8}.Release|Any CPU.Build.0 = Release|Any CPU
		{36F675BA-5A50-4AD6-B836-3FBFB29143B5}.Debug|Any CPU.ActiveCfg = Debug|Any CPU
		{36F675BA-5A50-4AD6-B836-3FBFB29143B5}.Debug|Any CPU.Build.0 = Debug|Any CPU
		{36F675BA-5A50-4AD6-B836-3FBFB29143B5}.Release|Any CPU.ActiveCfg = Release|Any CPU
		{36F675BA-5A50-4AD6-B836-3FBFB29143B5}.Release|Any CPU.Build.0 = Release|Any CPU
		{999693B1-1B8D-4B17-A399-318C066B8CA7}.Debug|Any CPU.ActiveCfg = Debug|Any CPU
		{999693B1-1B8D-4B17-A399-318C066B8CA7}.Debug|Any CPU.Build.0 = Debug|Any CPU
		{999693B1-1B8D-4B17-A399-318C066B8CA7}.Release|Any CPU.ActiveCfg = Release|Any CPU
		{999693B1-1B8D-4B17-A399-318C066B8CA7}.Release|Any CPU.Build.0 = Release|Any CPU
		{E74A1569-243A-495E-9014-1FC425D4F55B}.Debug|Any CPU.ActiveCfg = Debug|Any CPU
		{E74A1569-243A-495E-9014-1FC425D4F55B}.Debug|Any CPU.Build.0 = Debug|Any CPU
		{E74A1569-243A-495E-9014-1FC425D4F55B}.Release|Any CPU.ActiveCfg = Release|Any CPU
		{E74A1569-243A-495E-9014-1FC425D4F55B}.Release|Any CPU.Build.0 = Release|Any CPU
		{ED5FD861-BBF1-4BFC-A876-68AB29C1AD77}.Debug|Any CPU.ActiveCfg = Debug|Any CPU
		{ED5FD861-BBF1-4BFC-A876-68AB29C1AD77}.Debug|Any CPU.Build.0 = Debug|Any CPU
		{ED5FD861-BBF1-4BFC-A876-68AB29C1AD77}.Release|Any CPU.ActiveCfg = Release|Any CPU
		{ED5FD861-BBF1-4BFC-A876-68AB29C1AD77}.Release|Any CPU.Build.0 = Release|Any CPU
		{245A6502-5D78-4CC1-ABF1-4E14A6D75953}.Debug|Any CPU.ActiveCfg = Debug|Any CPU
		{245A6502-5D78-4CC1-ABF1-4E14A6D75953}.Debug|Any CPU.Build.0 = Debug|Any CPU
		{245A6502-5D78-4CC1-ABF1-4E14A6D75953}.Release|Any CPU.ActiveCfg = Release|Any CPU
		{245A6502-5D78-4CC1-ABF1-4E14A6D75953}.Release|Any CPU.Build.0 = Release|Any CPU
		{A1DF85AF-E2EE-4C69-886E-412B77730A25}.Debug|Any CPU.ActiveCfg = Debug|Any CPU
		{A1DF85AF-E2EE-4C69-886E-412B77730A25}.Debug|Any CPU.Build.0 = Debug|Any CPU
		{A1DF85AF-E2EE-4C69-886E-412B77730A25}.Release|Any CPU.ActiveCfg = Release|Any CPU
		{A1DF85AF-E2EE-4C69-886E-412B77730A25}.Release|Any CPU.Build.0 = Release|Any CPU
		{254F3E66-622B-4757-9626-D006B904177A}.Debug|Any CPU.ActiveCfg = Debug|Any CPU
		{254F3E66-622B-4757-9626-D006B904177A}.Debug|Any CPU.Build.0 = Debug|Any CPU
		{254F3E66-622B-4757-9626-D006B904177A}.Release|Any CPU.ActiveCfg = Release|Any CPU
		{254F3E66-622B-4757-9626-D006B904177A}.Release|Any CPU.Build.0 = Release|Any CPU
	EndGlobalSection
	GlobalSection(SolutionProperties) = preSolution
		HideSolutionNode = FALSE
	EndGlobalSection
EndGlobal
