
Microsoft Visual Studio Solution File, Format Version 12.00
# Visual Studio 14
VisualStudioVersion = 14.0.25420.1
MinimumVisualStudioVersion = 10.0.40219.1
Project("{FAE04EC0-301F-11D3-BF4B-00C04F79EFBC}") = "01.OneTo100", "01.OneTo100\01.OneTo100.csproj", "{F3BBAD14-D084-40A0-B9C5-F2391BB4BBBC}"
EndProject
Project("{FAE04EC0-301F-11D3-BF4B-00C04F79EFBC}") = "02.EndingIn7", "02.EndingIn7\02.EndingIn7.csproj", "{A72531DA-BBF1-4E7F-BCB0-594DF7A9AB6F}"
EndProject
Project("{FAE04EC0-301F-11D3-BF4B-00C04F79EFBC}") = "03.LatinLetters", "03.LatinLetters\03.LatinLetters.csproj", "{95354D1A-98B1-4A29-8C0F-8DA81131F4B4}"
EndProject
Project("{FAE04EC0-301F-11D3-BF4B-00C04F79EFBC}") = "04.SumNumbers", "04.SumNumbers\04.SumNumbers.csproj", "{37AE89AA-0226-42F8-A9EA-CF4D8336B6F0}"
EndProject
Project("{FAE04EC0-301F-11D3-BF4B-00C04F79EFBC}") = "05.MaxNumber", "05.MaxNumber\05.MaxNumber.csproj", "{2DADE98B-6CD3-4791-8ACA-329B28F3B104}"
EndProject
Project("{FAE04EC0-301F-11D3-BF4B-00C04F79EFBC}") = "06.MinNumber", "06.MinNumber\06.MinNumber.csproj", "{075997F8-9A91-4F70-B59A-4130A6EE3BBC}"
EndProject
Project("{FAE04EC0-301F-11D3-BF4B-00C04F79EFBC}") = "07.LeftRightSum", "07.LeftRightSum\07.LeftRightSum.csproj", "{D52B4909-3355-400E-9D84-D7D173244310}"
EndProject
Project("{FAE04EC0-301F-11D3-BF4B-00C04F79EFBC}") = "08.OddEvenSum", "08.OddEvenSum\08.OddEvenSum.csproj", "{C644E748-A613-46C9-BEB3-B3BE1010C6CE}"
EndProject
Project("{FAE04EC0-301F-11D3-BF4B-00C04F79EFBC}") = "09.VowelsSum", "09.VowelsSum\09.VowelsSum.csproj", "{528DE34D-8792-487A-9B7D-E9D448105F5A}"
EndProject
Project("{FAE04EC0-301F-11D3-BF4B-00C04F79EFBC}") = "10.HalfSumElement", "10.HalfSumElement\10.HalfSumElement.csproj", "{76678290-5C02-4546-95BC-216C66E221AA}"
EndProject
Project("{FAE04EC0-301F-11D3-BF4B-00C04F79EFBC}") = "11.OddEvenPosition", "11.OddEvenPosition\11.OddEvenPosition.csproj", "{77E4FAE0-8ACF-4BF0-A978-E80131A91DFD}"
EndProject
Project("{FAE04EC0-301F-11D3-BF4B-00C04F79EFBC}") = "12.EqualPairs", "12.EqualPairs\12.EqualPairs.csproj", "{CC244415-0E2A-43E8-BC9B-21F9850F0E3E}"
EndProject
Project("{FAE04EC0-301F-11D3-BF4B-00C04F79EFBC}") = "13.TurtlePaint", "13.TurtlePaint\13.TurtlePaint.csproj", "{A0F7686D-3738-4AA4-B35F-5E9C9C3CB05C}"
EndProject
Project("{FAE04EC0-301F-11D3-BF4B-00C04F79EFBC}") = "001.Histogram1", "001.Histogram1\001.Histogram1.csproj", "{9294C87D-D54F-4F40-AC13-5B75D1BD7949}"
EndProject
Project("{FAE04EC0-301F-11D3-BF4B-00C04F79EFBC}") = "002.Division", "002.Division\002.Division.csproj", "{365F6ED3-B3B8-48AC-9592-E40ED33C0B39}"
EndProject
Project("{FAE04EC0-301F-11D3-BF4B-00C04F79EFBC}") = "003.ClaverLily", "003.ClaverLily\003.ClaverLily.csproj", "{8B003730-662F-47F8-971A-B9E5F4FC31D1}"
EndProject
Project("{FAE04EC0-301F-11D3-BF4B-00C04F79EFBC}") = "004.BackToThePast", "004.BackToThePast\004.BackToThePast.csproj", "{23F30D7B-ABF5-4D33-A278-8DD6EB8C4A00}"
EndProject
Project("{FAE04EC0-301F-11D3-BF4B-00C04F79EFBC}") = "005.Hospital", "005.Hospital\005.Hospital.csproj", "{9090EEC8-95C3-418B-9ED8-30C8652DDC06}"
EndProject
Global
	GlobalSection(SolutionConfigurationPlatforms) = preSolution
		Debug|Any CPU = Debug|Any CPU
		Release|Any CPU = Release|Any CPU
	EndGlobalSection
	GlobalSection(ProjectConfigurationPlatforms) = postSolution
		{F3BBAD14-D084-40A0-B9C5-F2391BB4BBBC}.Debug|Any CPU.ActiveCfg = Debug|Any CPU
		{F3BBAD14-D084-40A0-B9C5-F2391BB4BBBC}.Debug|Any CPU.Build.0 = Debug|Any CPU
		{F3BBAD14-D084-40A0-B9C5-F2391BB4BBBC}.Release|Any CPU.ActiveCfg = Release|Any CPU
		{F3BBAD14-D084-40A0-B9C5-F2391BB4BBBC}.Release|Any CPU.Build.0 = Release|Any CPU
		{A72531DA-BBF1-4E7F-BCB0-594DF7A9AB6F}.Debug|Any CPU.ActiveCfg = Debug|Any CPU
		{A72531DA-BBF1-4E7F-BCB0-594DF7A9AB6F}.Debug|Any CPU.Build.0 = Debug|Any CPU
		{A72531DA-BBF1-4E7F-BCB0-594DF7A9AB6F}.Release|Any CPU.ActiveCfg = Release|Any CPU
		{A72531DA-BBF1-4E7F-BCB0-594DF7A9AB6F}.Release|Any CPU.Build.0 = Release|Any CPU
		{95354D1A-98B1-4A29-8C0F-8DA81131F4B4}.Debug|Any CPU.ActiveCfg = Debug|Any CPU
		{95354D1A-98B1-4A29-8C0F-8DA81131F4B4}.Debug|Any CPU.Build.0 = Debug|Any CPU
		{95354D1A-98B1-4A29-8C0F-8DA81131F4B4}.Release|Any CPU.ActiveCfg = Release|Any CPU
		{95354D1A-98B1-4A29-8C0F-8DA81131F4B4}.Release|Any CPU.Build.0 = Release|Any CPU
		{37AE89AA-0226-42F8-A9EA-CF4D8336B6F0}.Debug|Any CPU.ActiveCfg = Debug|Any CPU
		{37AE89AA-0226-42F8-A9EA-CF4D8336B6F0}.Debug|Any CPU.Build.0 = Debug|Any CPU
		{37AE89AA-0226-42F8-A9EA-CF4D8336B6F0}.Release|Any CPU.ActiveCfg = Release|Any CPU
		{37AE89AA-0226-42F8-A9EA-CF4D8336B6F0}.Release|Any CPU.Build.0 = Release|Any CPU
		{2DADE98B-6CD3-4791-8ACA-329B28F3B104}.Debug|Any CPU.ActiveCfg = Debug|Any CPU
		{2DADE98B-6CD3-4791-8ACA-329B28F3B104}.Debug|Any CPU.Build.0 = Debug|Any CPU
		{2DADE98B-6CD3-4791-8ACA-329B28F3B104}.Release|Any CPU.ActiveCfg = Release|Any CPU
		{2DADE98B-6CD3-4791-8ACA-329B28F3B104}.Release|Any CPU.Build.0 = Release|Any CPU
		{075997F8-9A91-4F70-B59A-4130A6EE3BBC}.Debug|Any CPU.ActiveCfg = Debug|Any CPU
		{075997F8-9A91-4F70-B59A-4130A6EE3BBC}.Debug|Any CPU.Build.0 = Debug|Any CPU
		{075997F8-9A91-4F70-B59A-4130A6EE3BBC}.Release|Any CPU.ActiveCfg = Release|Any CPU
		{075997F8-9A91-4F70-B59A-4130A6EE3BBC}.Release|Any CPU.Build.0 = Release|Any CPU
		{D52B4909-3355-400E-9D84-D7D173244310}.Debug|Any CPU.ActiveCfg = Debug|Any CPU
		{D52B4909-3355-400E-9D84-D7D173244310}.Debug|Any CPU.Build.0 = Debug|Any CPU
		{D52B4909-3355-400E-9D84-D7D173244310}.Release|Any CPU.ActiveCfg = Release|Any CPU
		{D52B4909-3355-400E-9D84-D7D173244310}.Release|Any CPU.Build.0 = Release|Any CPU
		{C644E748-A613-46C9-BEB3-B3BE1010C6CE}.Debug|Any CPU.ActiveCfg = Debug|Any CPU
		{C644E748-A613-46C9-BEB3-B3BE1010C6CE}.Debug|Any CPU.Build.0 = Debug|Any CPU
		{C644E748-A613-46C9-BEB3-B3BE1010C6CE}.Release|Any CPU.ActiveCfg = Release|Any CPU
		{C644E748-A613-46C9-BEB3-B3BE1010C6CE}.Release|Any CPU.Build.0 = Release|Any CPU
		{528DE34D-8792-487A-9B7D-E9D448105F5A}.Debug|Any CPU.ActiveCfg = Debug|Any CPU
		{528DE34D-8792-487A-9B7D-E9D448105F5A}.Debug|Any CPU.Build.0 = Debug|Any CPU
		{528DE34D-8792-487A-9B7D-E9D448105F5A}.Release|Any CPU.ActiveCfg = Release|Any CPU
		{528DE34D-8792-487A-9B7D-E9D448105F5A}.Release|Any CPU.Build.0 = Release|Any CPU
		{76678290-5C02-4546-95BC-216C66E221AA}.Debug|Any CPU.ActiveCfg = Debug|Any CPU
		{76678290-5C02-4546-95BC-216C66E221AA}.Debug|Any CPU.Build.0 = Debug|Any CPU
		{76678290-5C02-4546-95BC-216C66E221AA}.Release|Any CPU.ActiveCfg = Release|Any CPU
		{76678290-5C02-4546-95BC-216C66E221AA}.Release|Any CPU.Build.0 = Release|Any CPU
		{77E4FAE0-8ACF-4BF0-A978-E80131A91DFD}.Debug|Any CPU.ActiveCfg = Debug|Any CPU
		{77E4FAE0-8ACF-4BF0-A978-E80131A91DFD}.Debug|Any CPU.Build.0 = Debug|Any CPU
		{77E4FAE0-8ACF-4BF0-A978-E80131A91DFD}.Release|Any CPU.ActiveCfg = Release|Any CPU
		{77E4FAE0-8ACF-4BF0-A978-E80131A91DFD}.Release|Any CPU.Build.0 = Release|Any CPU
		{CC244415-0E2A-43E8-BC9B-21F9850F0E3E}.Debug|Any CPU.ActiveCfg = Debug|Any CPU
		{CC244415-0E2A-43E8-BC9B-21F9850F0E3E}.Debug|Any CPU.Build.0 = Debug|Any CPU
		{CC244415-0E2A-43E8-BC9B-21F9850F0E3E}.Release|Any CPU.ActiveCfg = Release|Any CPU
		{CC244415-0E2A-43E8-BC9B-21F9850F0E3E}.Release|Any CPU.Build.0 = Release|Any CPU
		{A0F7686D-3738-4AA4-B35F-5E9C9C3CB05C}.Debug|Any CPU.ActiveCfg = Debug|Any CPU
		{A0F7686D-3738-4AA4-B35F-5E9C9C3CB05C}.Debug|Any CPU.Build.0 = Debug|Any CPU
		{A0F7686D-3738-4AA4-B35F-5E9C9C3CB05C}.Release|Any CPU.ActiveCfg = Release|Any CPU
		{A0F7686D-3738-4AA4-B35F-5E9C9C3CB05C}.Release|Any CPU.Build.0 = Release|Any CPU
		{9294C87D-D54F-4F40-AC13-5B75D1BD7949}.Debug|Any CPU.ActiveCfg = Debug|Any CPU
		{9294C87D-D54F-4F40-AC13-5B75D1BD7949}.Debug|Any CPU.Build.0 = Debug|Any CPU
		{9294C87D-D54F-4F40-AC13-5B75D1BD7949}.Release|Any CPU.ActiveCfg = Release|Any CPU
		{9294C87D-D54F-4F40-AC13-5B75D1BD7949}.Release|Any CPU.Build.0 = Release|Any CPU
		{365F6ED3-B3B8-48AC-9592-E40ED33C0B39}.Debug|Any CPU.ActiveCfg = Debug|Any CPU
		{365F6ED3-B3B8-48AC-9592-E40ED33C0B39}.Debug|Any CPU.Build.0 = Debug|Any CPU
		{365F6ED3-B3B8-48AC-9592-E40ED33C0B39}.Release|Any CPU.ActiveCfg = Release|Any CPU
		{365F6ED3-B3B8-48AC-9592-E40ED33C0B39}.Release|Any CPU.Build.0 = Release|Any CPU
		{8B003730-662F-47F8-971A-B9E5F4FC31D1}.Debug|Any CPU.ActiveCfg = Debug|Any CPU
		{8B003730-662F-47F8-971A-B9E5F4FC31D1}.Debug|Any CPU.Build.0 = Debug|Any CPU
		{8B003730-662F-47F8-971A-B9E5F4FC31D1}.Release|Any CPU.ActiveCfg = Release|Any CPU
		{8B003730-662F-47F8-971A-B9E5F4FC31D1}.Release|Any CPU.Build.0 = Release|Any CPU
		{23F30D7B-ABF5-4D33-A278-8DD6EB8C4A00}.Debug|Any CPU.ActiveCfg = Debug|Any CPU
		{23F30D7B-ABF5-4D33-A278-8DD6EB8C4A00}.Debug|Any CPU.Build.0 = Debug|Any CPU
		{23F30D7B-ABF5-4D33-A278-8DD6EB8C4A00}.Release|Any CPU.ActiveCfg = Release|Any CPU
		{23F30D7B-ABF5-4D33-A278-8DD6EB8C4A00}.Release|Any CPU.Build.0 = Release|Any CPU
		{9090EEC8-95C3-418B-9ED8-30C8652DDC06}.Debug|Any CPU.ActiveCfg = Debug|Any CPU
		{9090EEC8-95C3-418B-9ED8-30C8652DDC06}.Debug|Any CPU.Build.0 = Debug|Any CPU
		{9090EEC8-95C3-418B-9ED8-30C8652DDC06}.Release|Any CPU.ActiveCfg = Release|Any CPU
		{9090EEC8-95C3-418B-9ED8-30C8652DDC06}.Release|Any CPU.Build.0 = Release|Any CPU
	EndGlobalSection
	GlobalSection(SolutionProperties) = preSolution
		HideSolutionNode = FALSE
	EndGlobalSection
EndGlobal
