
Microsoft Visual Studio Solution File, Format Version 12.00
# Visual Studio 14
VisualStudioVersion = 14.0.25420.1
MinimumVisualStudioVersion = 10.0.40219.1
Project("{FAE04EC0-301F-11D3-BF4B-00C04F79EFBC}") = "01.Holidays between Two Dates", "01.Holidays between Two Dates\01.Holidays between Two Dates.csproj", "{8E89F0A5-2FA2-4B76-B064-8F842063E54A}"
EndProject
Project("{FAE04EC0-301F-11D3-BF4B-00C04F79EFBC}") = "02.DoublePalindromes", "02.DoublePalindromes\02.DoublePalindromes.csproj", "{B12AF544-3CDA-46F4-8865-62626DE10DBC}"
EndProject
Global
	GlobalSection(SolutionConfigurationPlatforms) = preSolution
		Debug|Any CPU = Debug|Any CPU
		Release|Any CPU = Release|Any CPU
	EndGlobalSection
	GlobalSection(ProjectConfigurationPlatforms) = postSolution
		{8E89F0A5-2FA2-4B76-B064-8F842063E54A}.Debug|Any CPU.ActiveCfg = Debug|Any CPU
		{8E89F0A5-2FA2-4B76-B064-8F842063E54A}.Debug|Any CPU.Build.0 = Debug|Any CPU
		{8E89F0A5-2FA2-4B76-B064-8F842063E54A}.Release|Any CPU.ActiveCfg = Release|Any CPU
		{8E89F0A5-2FA2-4B76-B064-8F842063E54A}.Release|Any CPU.Build.0 = Release|Any CPU
		{B12AF544-3CDA-46F4-8865-62626DE10DBC}.Debug|Any CPU.ActiveCfg = Debug|Any CPU
		{B12AF544-3CDA-46F4-8865-62626DE10DBC}.Debug|Any CPU.Build.0 = Debug|Any CPU
		{B12AF544-3CDA-46F4-8865-62626DE10DBC}.Release|Any CPU.ActiveCfg = Release|Any CPU
		{B12AF544-3CDA-46F4-8865-62626DE10DBC}.Release|Any CPU.Build.0 = Release|Any CPU
	EndGlobalSection
	GlobalSection(SolutionProperties) = preSolution
		HideSolutionNode = FALSE
	EndGlobalSection
EndGlobal
