
Microsoft Visual Studio Solution File, Format Version 12.00
# Visual Studio 14
VisualStudioVersion = 14.0.25420.1
MinimumVisualStudioVersion = 10.0.40219.1
Project("{FAE04EC0-301F-11D3-BF4B-00C04F79EFBC}") = "01.Numbers", "01.Numbers\01.Numbers.csproj", "{0F066789-C5F4-4149-A39D-666475E7DA52}"
EndProject
Project("{FAE04EC0-301F-11D3-BF4B-00C04F79EFBC}") = "02.SoftUniCoffeeOrders", "02.SoftUniCoffeeOrders\02.SoftUniCoffeeOrders.csproj", "{2B161113-1149-40CE-9E59-54B0F40306E7}"
EndProject
Project("{FAE04EC0-301F-11D3-BF4B-00C04F79EFBC}") = "03.FootballLeague", "03.FootballLeague\03.FootballLeague.csproj", "{9CA96AEB-1478-438A-AEF8-358670D23902}"
EndProject
Project("{FAE04EC0-301F-11D3-BF4B-00C04F79EFBC}") = "04.TrifonsQuest", "04.TrifonsQuest\04.TrifonsQuest.csproj", "{A8DCB8A3-C559-4380-8122-290C81FF0989}"
EndProject
Global
	GlobalSection(SolutionConfigurationPlatforms) = preSolution
		Debug|Any CPU = Debug|Any CPU
		Release|Any CPU = Release|Any CPU
	EndGlobalSection
	GlobalSection(ProjectConfigurationPlatforms) = postSolution
		{0F066789-C5F4-4149-A39D-666475E7DA52}.Debug|Any CPU.ActiveCfg = Debug|Any CPU
		{0F066789-C5F4-4149-A39D-666475E7DA52}.Debug|Any CPU.Build.0 = Debug|Any CPU
		{0F066789-C5F4-4149-A39D-666475E7DA52}.Release|Any CPU.ActiveCfg = Release|Any CPU
		{0F066789-C5F4-4149-A39D-666475E7DA52}.Release|Any CPU.Build.0 = Release|Any CPU
		{2B161113-1149-40CE-9E59-54B0F40306E7}.Debug|Any CPU.ActiveCfg = Debug|Any CPU
		{2B161113-1149-40CE-9E59-54B0F40306E7}.Debug|Any CPU.Build.0 = Debug|Any CPU
		{2B161113-1149-40CE-9E59-54B0F40306E7}.Release|Any CPU.ActiveCfg = Release|Any CPU
		{2B161113-1149-40CE-9E59-54B0F40306E7}.Release|Any CPU.Build.0 = Release|Any CPU
		{9CA96AEB-1478-438A-AEF8-358670D23902}.Debug|Any CPU.ActiveCfg = Debug|Any CPU
		{9CA96AEB-1478-438A-AEF8-358670D23902}.Debug|Any CPU.Build.0 = Debug|Any CPU
		{9CA96AEB-1478-438A-AEF8-358670D23902}.Release|Any CPU.ActiveCfg = Release|Any CPU
		{9CA96AEB-1478-438A-AEF8-358670D23902}.Release|Any CPU.Build.0 = Release|Any CPU
		{A8DCB8A3-C559-4380-8122-290C81FF0989}.Debug|Any CPU.ActiveCfg = Debug|Any CPU
		{A8DCB8A3-C559-4380-8122-290C81FF0989}.Debug|Any CPU.Build.0 = Debug|Any CPU
		{A8DCB8A3-C559-4380-8122-290C81FF0989}.Release|Any CPU.ActiveCfg = Release|Any CPU
		{A8DCB8A3-C559-4380-8122-290C81FF0989}.Release|Any CPU.Build.0 = Release|Any CPU
	EndGlobalSection
	GlobalSection(SolutionProperties) = preSolution
		HideSolutionNode = FALSE
	EndGlobalSection
EndGlobal
