
Microsoft Visual Studio Solution File, Format Version 12.00
# Visual Studio 14
VisualStudioVersion = 14.0.25420.1
MinimumVisualStudioVersion = 10.0.40219.1
Project("{FAE04EC0-301F-11D3-BF4B-00C04F79EFBC}") = "01.ExcellentCheck", "ExcellentCheck\01.ExcellentCheck.csproj", "{94FDDCDF-C7EB-4BAA-82B5-022FD5815ED9}"
EndProject
Project("{FAE04EC0-301F-11D3-BF4B-00C04F79EFBC}") = "ThousandDays", "13.Add1000days\ThousandDays.csproj", "{19D72997-B380-45F2-AA59-DC68C2BB7602}"
EndProject
Project("{FAE04EC0-301F-11D3-BF4B-00C04F79EFBC}") = "02.ExcellentOrNot", "02.ExcellentOrNot\02.ExcellentOrNot.csproj", "{2F8435B7-0D7B-4226-94D6-8ECDC4CA458E}"
EndProject
Project("{FAE04EC0-301F-11D3-BF4B-00C04F79EFBC}") = "03.OddOrNot", "03.OddOrNot\03.OddOrNot.csproj", "{6F748F0B-735F-4272-AFD5-CC8B699BD30D}"
EndProject
Project("{FAE04EC0-301F-11D3-BF4B-00C04F79EFBC}") = "04.GreaterNumber", "04.GreaterNumber\04.GreaterNumber.csproj", "{7F605A31-D4B3-4852-9B53-2232C7503D39}"
EndProject
Project("{FAE04EC0-301F-11D3-BF4B-00C04F79EFBC}") = "05.NumToTxt", "05.NumToTxt\05.NumToTxt.csproj", "{1424AD9F-6FC6-4625-9638-436D9DCC7D12}"
EndProject
Project("{FAE04EC0-301F-11D3-BF4B-00C04F79EFBC}") = "06.BonusPoints", "06.BonusPoints\06.BonusPoints.csproj", "{690F2AB7-CFAF-4352-BC97-ACA7BBD92AB5}"
EndProject
Project("{FAE04EC0-301F-11D3-BF4B-00C04F79EFBC}") = "07.SumSeconds", "07.SumSeconds\07.SumSeconds.csproj", "{FBFBC085-53C8-47D3-A280-F7C47A28D1FE}"
EndProject
Project("{FAE04EC0-301F-11D3-BF4B-00C04F79EFBC}") = "08.MetricConverter", "08.MetricConverter\08.MetricConverter.csproj", "{33994581-75B2-47C5-892D-BA676806D711}"
EndProject
Project("{FAE04EC0-301F-11D3-BF4B-00C04F79EFBC}") = "09.GuessPassword", "09.GuessPassword\09.GuessPassword.csproj", "{448FF963-4038-4722-ADEE-B6074565B817}"
EndProject
Project("{FAE04EC0-301F-11D3-BF4B-00C04F79EFBC}") = "10.NumberBetween100and200", "10.NumberBetween100and200\10.NumberBetween100and200.csproj", "{98F2322E-4CFD-442A-8336-9FC05F5E425E}"
EndProject
Project("{FAE04EC0-301F-11D3-BF4B-00C04F79EFBC}") = "11.EqualWords", "11.EqualWords\11.EqualWords.csproj", "{DE3300AE-5597-4969-88C3-3D361D6FFEB0}"
EndProject
Project("{FAE04EC0-301F-11D3-BF4B-00C04F79EFBC}") = "12.SpeedInfo", "12.SpeedInfo\12.SpeedInfo.csproj", "{9EBFE298-67F4-4731-8801-E1FE7FC8EDB5}"
EndProject
Project("{FAE04EC0-301F-11D3-BF4B-00C04F79EFBC}") = "13.AreaOfFigures", "13.AreaOfFigures\13.AreaOfFigures.csproj", "{C442ADFA-9585-45CD-AA4B-457D81DB2E87}"
EndProject
Project("{FAE04EC0-301F-11D3-BF4B-00C04F79EFBC}") = "14.Add15Minutes", "14.Add15Minutes\14.Add15Minutes.csproj", "{716064CC-F7CD-4643-A6A7-AB37DB76315C}"
EndProject
Project("{FAE04EC0-301F-11D3-BF4B-00C04F79EFBC}") = "15.ThreeEqualNums", "15.ThreeEqualNums\15.ThreeEqualNums.csproj", "{574ADBF5-CCA5-42CA-BBB1-71665EC03749}"
EndProject
Project("{FAE04EC0-301F-11D3-BF4B-00C04F79EFBC}") = "16.WriteNumbers", "16.WriteNumbers\16.WriteNumbers.csproj", "{7D885FBD-AA2D-47AF-9CFD-859DA9DC02A7}"
EndProject
Project("{FAE04EC0-301F-11D3-BF4B-00C04F79EFBC}") = "001.TransportPrice", "001.TransportPrice\001.TransportPrice.csproj", "{A9A00A78-475D-492A-9619-A6DADFD83266}"
EndProject
Project("{FAE04EC0-301F-11D3-BF4B-00C04F79EFBC}") = "002.PoolPipes", "002.PoolPipes\002.PoolPipes.csproj", "{0B413C78-D551-48A1-8A2D-A4739ECC7C96}"
EndProject
Project("{FAE04EC0-301F-11D3-BF4B-00C04F79EFBC}") = "003.LazyTom", "003.LazyTom\003.LazyTom.csproj", "{CA66A70C-BDF6-4454-89E7-64036FFDBA1B}"
EndProject
Project("{FAE04EC0-301F-11D3-BF4B-00C04F79EFBC}") = "004.Harvest", "004.Harvest\004.Harvest.csproj", "{EBC13A24-25D8-4606-8BDE-7C77DCC4B0D1}"
EndProject
Project("{FAE04EC0-301F-11D3-BF4B-00C04F79EFBC}") = "005.Company", "005.Company\005.Company.csproj", "{0345214F-4377-4A93-BD7F-A14E86486015}"
EndProject
Global
	GlobalSection(SolutionConfigurationPlatforms) = preSolution
		Debug|Any CPU = Debug|Any CPU
		Release|Any CPU = Release|Any CPU
	EndGlobalSection
	GlobalSection(ProjectConfigurationPlatforms) = postSolution
		{94FDDCDF-C7EB-4BAA-82B5-022FD5815ED9}.Debug|Any CPU.ActiveCfg = Debug|Any CPU
		{94FDDCDF-C7EB-4BAA-82B5-022FD5815ED9}.Debug|Any CPU.Build.0 = Debug|Any CPU
		{94FDDCDF-C7EB-4BAA-82B5-022FD5815ED9}.Release|Any CPU.ActiveCfg = Release|Any CPU
		{94FDDCDF-C7EB-4BAA-82B5-022FD5815ED9}.Release|Any CPU.Build.0 = Release|Any CPU
		{19D72997-B380-45F2-AA59-DC68C2BB7602}.Debug|Any CPU.ActiveCfg = Debug|Any CPU
		{19D72997-B380-45F2-AA59-DC68C2BB7602}.Debug|Any CPU.Build.0 = Debug|Any CPU
		{19D72997-B380-45F2-AA59-DC68C2BB7602}.Release|Any CPU.ActiveCfg = Release|Any CPU
		{19D72997-B380-45F2-AA59-DC68C2BB7602}.Release|Any CPU.Build.0 = Release|Any CPU
		{2F8435B7-0D7B-4226-94D6-8ECDC4CA458E}.Debug|Any CPU.ActiveCfg = Debug|Any CPU
		{2F8435B7-0D7B-4226-94D6-8ECDC4CA458E}.Debug|Any CPU.Build.0 = Debug|Any CPU
		{2F8435B7-0D7B-4226-94D6-8ECDC4CA458E}.Release|Any CPU.ActiveCfg = Release|Any CPU
		{2F8435B7-0D7B-4226-94D6-8ECDC4CA458E}.Release|Any CPU.Build.0 = Release|Any CPU
		{6F748F0B-735F-4272-AFD5-CC8B699BD30D}.Debug|Any CPU.ActiveCfg = Debug|Any CPU
		{6F748F0B-735F-4272-AFD5-CC8B699BD30D}.Debug|Any CPU.Build.0 = Debug|Any CPU
		{6F748F0B-735F-4272-AFD5-CC8B699BD30D}.Release|Any CPU.ActiveCfg = Release|Any CPU
		{6F748F0B-735F-4272-AFD5-CC8B699BD30D}.Release|Any CPU.Build.0 = Release|Any CPU
		{7F605A31-D4B3-4852-9B53-2232C7503D39}.Debug|Any CPU.ActiveCfg = Debug|Any CPU
		{7F605A31-D4B3-4852-9B53-2232C7503D39}.Debug|Any CPU.Build.0 = Debug|Any CPU
		{7F605A31-D4B3-4852-9B53-2232C7503D39}.Release|Any CPU.ActiveCfg = Release|Any CPU
		{7F605A31-D4B3-4852-9B53-2232C7503D39}.Release|Any CPU.Build.0 = Release|Any CPU
		{1424AD9F-6FC6-4625-9638-436D9DCC7D12}.Debug|Any CPU.ActiveCfg = Debug|Any CPU
		{1424AD9F-6FC6-4625-9638-436D9DCC7D12}.Debug|Any CPU.Build.0 = Debug|Any CPU
		{1424AD9F-6FC6-4625-9638-436D9DCC7D12}.Release|Any CPU.ActiveCfg = Release|Any CPU
		{1424AD9F-6FC6-4625-9638-436D9DCC7D12}.Release|Any CPU.Build.0 = Release|Any CPU
		{690F2AB7-CFAF-4352-BC97-ACA7BBD92AB5}.Debug|Any CPU.ActiveCfg = Debug|Any CPU
		{690F2AB7-CFAF-4352-BC97-ACA7BBD92AB5}.Debug|Any CPU.Build.0 = Debug|Any CPU
		{690F2AB7-CFAF-4352-BC97-ACA7BBD92AB5}.Release|Any CPU.ActiveCfg = Release|Any CPU
		{690F2AB7-CFAF-4352-BC97-ACA7BBD92AB5}.Release|Any CPU.Build.0 = Release|Any CPU
		{FBFBC085-53C8-47D3-A280-F7C47A28D1FE}.Debug|Any CPU.ActiveCfg = Debug|Any CPU
		{FBFBC085-53C8-47D3-A280-F7C47A28D1FE}.Debug|Any CPU.Build.0 = Debug|Any CPU
		{FBFBC085-53C8-47D3-A280-F7C47A28D1FE}.Release|Any CPU.ActiveCfg = Release|Any CPU
		{FBFBC085-53C8-47D3-A280-F7C47A28D1FE}.Release|Any CPU.Build.0 = Release|Any CPU
		{33994581-75B2-47C5-892D-BA676806D711}.Debug|Any CPU.ActiveCfg = Debug|Any CPU
		{33994581-75B2-47C5-892D-BA676806D711}.Debug|Any CPU.Build.0 = Debug|Any CPU
		{33994581-75B2-47C5-892D-BA676806D711}.Release|Any CPU.ActiveCfg = Release|Any CPU
		{33994581-75B2-47C5-892D-BA676806D711}.Release|Any CPU.Build.0 = Release|Any CPU
		{448FF963-4038-4722-ADEE-B6074565B817}.Debug|Any CPU.ActiveCfg = Debug|Any CPU
		{448FF963-4038-4722-ADEE-B6074565B817}.Debug|Any CPU.Build.0 = Debug|Any CPU
		{448FF963-4038-4722-ADEE-B6074565B817}.Release|Any CPU.ActiveCfg = Release|Any CPU
		{448FF963-4038-4722-ADEE-B6074565B817}.Release|Any CPU.Build.0 = Release|Any CPU
		{98F2322E-4CFD-442A-8336-9FC05F5E425E}.Debug|Any CPU.ActiveCfg = Debug|Any CPU
		{98F2322E-4CFD-442A-8336-9FC05F5E425E}.Debug|Any CPU.Build.0 = Debug|Any CPU
		{98F2322E-4CFD-442A-8336-9FC05F5E425E}.Release|Any CPU.ActiveCfg = Release|Any CPU
		{98F2322E-4CFD-442A-8336-9FC05F5E425E}.Release|Any CPU.Build.0 = Release|Any CPU
		{DE3300AE-5597-4969-88C3-3D361D6FFEB0}.Debug|Any CPU.ActiveCfg = Debug|Any CPU
		{DE3300AE-5597-4969-88C3-3D361D6FFEB0}.Debug|Any CPU.Build.0 = Debug|Any CPU
		{DE3300AE-5597-4969-88C3-3D361D6FFEB0}.Release|Any CPU.ActiveCfg = Release|Any CPU
		{DE3300AE-5597-4969-88C3-3D361D6FFEB0}.Release|Any CPU.Build.0 = Release|Any CPU
		{9EBFE298-67F4-4731-8801-E1FE7FC8EDB5}.Debug|Any CPU.ActiveCfg = Debug|Any CPU
		{9EBFE298-67F4-4731-8801-E1FE7FC8EDB5}.Debug|Any CPU.Build.0 = Debug|Any CPU
		{9EBFE298-67F4-4731-8801-E1FE7FC8EDB5}.Release|Any CPU.ActiveCfg = Release|Any CPU
		{9EBFE298-67F4-4731-8801-E1FE7FC8EDB5}.Release|Any CPU.Build.0 = Release|Any CPU
		{C442ADFA-9585-45CD-AA4B-457D81DB2E87}.Debug|Any CPU.ActiveCfg = Debug|Any CPU
		{C442ADFA-9585-45CD-AA4B-457D81DB2E87}.Debug|Any CPU.Build.0 = Debug|Any CPU
		{C442ADFA-9585-45CD-AA4B-457D81DB2E87}.Release|Any CPU.ActiveCfg = Release|Any CPU
		{C442ADFA-9585-45CD-AA4B-457D81DB2E87}.Release|Any CPU.Build.0 = Release|Any CPU
		{716064CC-F7CD-4643-A6A7-AB37DB76315C}.Debug|Any CPU.ActiveCfg = Debug|Any CPU
		{716064CC-F7CD-4643-A6A7-AB37DB76315C}.Debug|Any CPU.Build.0 = Debug|Any CPU
		{716064CC-F7CD-4643-A6A7-AB37DB76315C}.Release|Any CPU.ActiveCfg = Release|Any CPU
		{716064CC-F7CD-4643-A6A7-AB37DB76315C}.Release|Any CPU.Build.0 = Release|Any CPU
		{574ADBF5-CCA5-42CA-BBB1-71665EC03749}.Debug|Any CPU.ActiveCfg = Debug|Any CPU
		{574ADBF5-CCA5-42CA-BBB1-71665EC03749}.Debug|Any CPU.Build.0 = Debug|Any CPU
		{574ADBF5-CCA5-42CA-BBB1-71665EC03749}.Release|Any CPU.ActiveCfg = Release|Any CPU
		{574ADBF5-CCA5-42CA-BBB1-71665EC03749}.Release|Any CPU.Build.0 = Release|Any CPU
		{7D885FBD-AA2D-47AF-9CFD-859DA9DC02A7}.Debug|Any CPU.ActiveCfg = Debug|Any CPU
		{7D885FBD-AA2D-47AF-9CFD-859DA9DC02A7}.Debug|Any CPU.Build.0 = Debug|Any CPU
		{7D885FBD-AA2D-47AF-9CFD-859DA9DC02A7}.Release|Any CPU.ActiveCfg = Release|Any CPU
		{7D885FBD-AA2D-47AF-9CFD-859DA9DC02A7}.Release|Any CPU.Build.0 = Release|Any CPU
		{A9A00A78-475D-492A-9619-A6DADFD83266}.Debug|Any CPU.ActiveCfg = Debug|Any CPU
		{A9A00A78-475D-492A-9619-A6DADFD83266}.Debug|Any CPU.Build.0 = Debug|Any CPU
		{A9A00A78-475D-492A-9619-A6DADFD83266}.Release|Any CPU.ActiveCfg = Release|Any CPU
		{A9A00A78-475D-492A-9619-A6DADFD83266}.Release|Any CPU.Build.0 = Release|Any CPU
		{0B413C78-D551-48A1-8A2D-A4739ECC7C96}.Debug|Any CPU.ActiveCfg = Debug|Any CPU
		{0B413C78-D551-48A1-8A2D-A4739ECC7C96}.Debug|Any CPU.Build.0 = Debug|Any CPU
		{0B413C78-D551-48A1-8A2D-A4739ECC7C96}.Release|Any CPU.ActiveCfg = Release|Any CPU
		{0B413C78-D551-48A1-8A2D-A4739ECC7C96}.Release|Any CPU.Build.0 = Release|Any CPU
		{CA66A70C-BDF6-4454-89E7-64036FFDBA1B}.Debug|Any CPU.ActiveCfg = Debug|Any CPU
		{CA66A70C-BDF6-4454-89E7-64036FFDBA1B}.Debug|Any CPU.Build.0 = Debug|Any CPU
		{CA66A70C-BDF6-4454-89E7-64036FFDBA1B}.Release|Any CPU.ActiveCfg = Release|Any CPU
		{CA66A70C-BDF6-4454-89E7-64036FFDBA1B}.Release|Any CPU.Build.0 = Release|Any CPU
		{EBC13A24-25D8-4606-8BDE-7C77DCC4B0D1}.Debug|Any CPU.ActiveCfg = Debug|Any CPU
		{EBC13A24-25D8-4606-8BDE-7C77DCC4B0D1}.Debug|Any CPU.Build.0 = Debug|Any CPU
		{EBC13A24-25D8-4606-8BDE-7C77DCC4B0D1}.Release|Any CPU.ActiveCfg = Release|Any CPU
		{EBC13A24-25D8-4606-8BDE-7C77DCC4B0D1}.Release|Any CPU.Build.0 = Release|Any CPU
		{0345214F-4377-4A93-BD7F-A14E86486015}.Debug|Any CPU.ActiveCfg = Debug|Any CPU
		{0345214F-4377-4A93-BD7F-A14E86486015}.Debug|Any CPU.Build.0 = Debug|Any CPU
		{0345214F-4377-4A93-BD7F-A14E86486015}.Release|Any CPU.ActiveCfg = Release|Any CPU
		{0345214F-4377-4A93-BD7F-A14E86486015}.Release|Any CPU.Build.0 = Release|Any CPU
	EndGlobalSection
	GlobalSection(SolutionProperties) = preSolution
		HideSolutionNode = FALSE
	EndGlobalSection
EndGlobal
